// !$*UTF8*$!
{
	archiveVersion = 1;
	classes = {
	};
	objectVersion = 56;
	objects = {

/* Begin PBXBuildFile section */
		E2628EFF2C39F5A2002FAF96 /* GaugeData.swift in Sources */ = {isa = PBXBuildFile; fileRef = E2628EFE2C39F5A2002FAF96 /* GaugeData.swift */; };
		E2628F012C39F5F3002FAF96 /* GaugeView.swift in Sources */ = {isa = PBXBuildFile; fileRef = E2628F002C39F5F3002FAF96 /* GaugeView.swift */; };
		E2628F032C39F632002FAF96 /* GuageBackgroundView.swift in Sources */ = {isa = PBXBuildFile; fileRef = E2628F022C39F632002FAF96 /* GuageBackgroundView.swift */; };
		E2628F052C39F666002FAF96 /* GaugeRowView.swift in Sources */ = {isa = PBXBuildFile; fileRef = E2628F042C39F666002FAF96 /* GaugeRowView.swift */; };
		E27B07012C35AB1A007C439E /* HourRowItemView.swift in Sources */ = {isa = PBXBuildFile; fileRef = E27B07002C35AB1A007C439E /* HourRowItemView.swift */; };
		E27B07052C35C430007C439E /* DayWeatherRowView.swift in Sources */ = {isa = PBXBuildFile; fileRef = E27B07042C35C430007C439E /* DayWeatherRowView.swift */; };
		E27B07072C35C787007C439E /* CurrentWeatherView.swift in Sources */ = {isa = PBXBuildFile; fileRef = E27B07062C35C787007C439E /* CurrentWeatherView.swift */; };
		E2B9A06C2C34BE4A0069E7BE /* LocationManager.swift in Sources */ = {isa = PBXBuildFile; fileRef = E2B9A06B2C34BE4A0069E7BE /* LocationManager.swift */; };
		E2B9A06E2C34CA5D0069E7BE /* ContentView.swift in Sources */ = {isa = PBXBuildFile; fileRef = E2B9A06D2C34CA5D0069E7BE /* ContentView.swift */; };
		E2B9A0702C34CAB80069E7BE /* WelcomeView.swift in Sources */ = {isa = PBXBuildFile; fileRef = E2B9A06F2C34CAB80069E7BE /* WelcomeView.swift */; };
		E2B9A0742C34E9B10069E7BE /* WeatherManager.swift in Sources */ = {isa = PBXBuildFile; fileRef = E2B9A0732C34E9B10069E7BE /* WeatherManager.swift */; };
		E2E2FE2E2C34534B0048DF0B /* WeatherApp.swift in Sources */ = {isa = PBXBuildFile; fileRef = E2E2FE2D2C34534B0048DF0B /* WeatherApp.swift */; };
		E2E2FE302C34534B0048DF0B /* WeatherView.swift in Sources */ = {isa = PBXBuildFile; fileRef = E2E2FE2F2C34534B0048DF0B /* WeatherView.swift */; };
		E2E2FE322C34534C0048DF0B /* Assets.xcassets in Resources */ = {isa = PBXBuildFile; fileRef = E2E2FE312C34534C0048DF0B /* Assets.xcassets */; };
		E2E2FE352C34534C0048DF0B /* Preview Assets.xcassets in Resources */ = {isa = PBXBuildFile; fileRef = E2E2FE342C34534C0048DF0B /* Preview Assets.xcassets */; };
		E2F4786E2C3AE7F60054DB1B /* SearchBarView.swift in Sources */ = {isa = PBXBuildFile; fileRef = E2F4786D2C3AE7F60054DB1B /* SearchBarView.swift */; };
/* End PBXBuildFile section */

/* Begin PBXContainerItemProxy section */
		E2E2FE3B2C34534D0048DF0B /* PBXContainerItemProxy */ = {
			isa = PBXContainerItemProxy;
			containerPortal = E2E2FE222C34534B0048DF0B /* Project object */;
			proxyType = 1;
			remoteGlobalIDString = E2E2FE292C34534B0048DF0B;
			remoteInfo = "Weather and Climate Control";
		};
		E2E2FE452C34534D0048DF0B /* PBXContainerItemProxy */ = {
			isa = PBXContainerItemProxy;
			containerPortal = E2E2FE222C34534B0048DF0B /* Project object */;
			proxyType = 1;
			remoteGlobalIDString = E2E2FE292C34534B0048DF0B;
			remoteInfo = "Weather and Climate Control";
		};
/* End PBXContainerItemProxy section */

/* Begin PBXFileReference section */
		E2628EFE2C39F5A2002FAF96 /* GaugeData.swift */ = {isa = PBXFileReference; lastKnownFileType = sourcecode.swift; path = GaugeData.swift; sourceTree = "<group>"; };
		E2628F002C39F5F3002FAF96 /* GaugeView.swift */ = {isa = PBXFileReference; lastKnownFileType = sourcecode.swift; path = GaugeView.swift; sourceTree = "<group>"; };
		E2628F022C39F632002FAF96 /* GuageBackgroundView.swift */ = {isa = PBXFileReference; lastKnownFileType = sourcecode.swift; path = GuageBackgroundView.swift; sourceTree = "<group>"; };
		E2628F042C39F666002FAF96 /* GaugeRowView.swift */ = {isa = PBXFileReference; lastKnownFileType = sourcecode.swift; path = GaugeRowView.swift; sourceTree = "<group>"; };
		E27B07002C35AB1A007C439E /* HourRowItemView.swift */ = {isa = PBXFileReference; lastKnownFileType = sourcecode.swift; path = HourRowItemView.swift; sourceTree = "<group>"; };
		E27B07042C35C430007C439E /* DayWeatherRowView.swift */ = {isa = PBXFileReference; lastKnownFileType = sourcecode.swift; path = DayWeatherRowView.swift; sourceTree = "<group>"; };
		E27B07062C35C787007C439E /* CurrentWeatherView.swift */ = {isa = PBXFileReference; lastKnownFileType = sourcecode.swift; path = CurrentWeatherView.swift; sourceTree = "<group>"; };
		E2B9A06B2C34BE4A0069E7BE /* LocationManager.swift */ = {isa = PBXFileReference; lastKnownFileType = sourcecode.swift; path = LocationManager.swift; sourceTree = "<group>"; };
		E2B9A06D2C34CA5D0069E7BE /* ContentView.swift */ = {isa = PBXFileReference; lastKnownFileType = sourcecode.swift; path = ContentView.swift; sourceTree = "<group>"; };
		E2B9A06F2C34CAB80069E7BE /* WelcomeView.swift */ = {isa = PBXFileReference; lastKnownFileType = sourcecode.swift; path = WelcomeView.swift; sourceTree = "<group>"; };
		E2B9A0732C34E9B10069E7BE /* WeatherManager.swift */ = {isa = PBXFileReference; lastKnownFileType = sourcecode.swift; path = WeatherManager.swift; sourceTree = "<group>"; };
		E2E2FE2A2C34534B0048DF0B /* Weather.app */ = {isa = PBXFileReference; explicitFileType = wrapper.application; includeInIndex = 0; path = Weather.app; sourceTree = BUILT_PRODUCTS_DIR; };
		E2E2FE2D2C34534B0048DF0B /* WeatherApp.swift */ = {isa = PBXFileReference; lastKnownFileType = sourcecode.swift; path = WeatherApp.swift; sourceTree = "<group>"; };
		E2E2FE2F2C34534B0048DF0B /* WeatherView.swift */ = {isa = PBXFileReference; lastKnownFileType = sourcecode.swift; path = WeatherView.swift; sourceTree = "<group>"; };
		E2E2FE312C34534C0048DF0B /* Assets.xcassets */ = {isa = PBXFileReference; lastKnownFileType = folder.assetcatalog; path = Assets.xcassets; sourceTree = "<group>"; };
		E2E2FE342C34534C0048DF0B /* Preview Assets.xcassets */ = {isa = PBXFileReference; lastKnownFileType = folder.assetcatalog; path = "Preview Assets.xcassets"; sourceTree = "<group>"; };
		E2E2FE3A2C34534D0048DF0B /* WeatherTests.xctest */ = {isa = PBXFileReference; explicitFileType = wrapper.cfbundle; includeInIndex = 0; path = WeatherTests.xctest; sourceTree = BUILT_PRODUCTS_DIR; };
		E2E2FE442C34534D0048DF0B /* WeatherUITests.xctest */ = {isa = PBXFileReference; explicitFileType = wrapper.cfbundle; includeInIndex = 0; path = WeatherUITests.xctest; sourceTree = BUILT_PRODUCTS_DIR; };
		E2F4786D2C3AE7F60054DB1B /* SearchBarView.swift */ = {isa = PBXFileReference; lastKnownFileType = sourcecode.swift; path = SearchBarView.swift; sourceTree = "<group>"; };
/* End PBXFileReference section */

/* Begin PBXFrameworksBuildPhase section */
		E2E2FE272C34534B0048DF0B /* Frameworks */ = {
			isa = PBXFrameworksBuildPhase;
			buildActionMask = 2147483647;
			files = (
			);
			runOnlyForDeploymentPostprocessing = 0;
		};
		E2E2FE372C34534D0048DF0B /* Frameworks */ = {
			isa = PBXFrameworksBuildPhase;
			buildActionMask = 2147483647;
			files = (
			);
			runOnlyForDeploymentPostprocessing = 0;
		};
		E2E2FE412C34534D0048DF0B /* Frameworks */ = {
			isa = PBXFrameworksBuildPhase;
			buildActionMask = 2147483647;
			files = (
			);
			runOnlyForDeploymentPostprocessing = 0;
		};
/* End PBXFrameworksBuildPhase section */

/* Begin PBXGroup section */
		E2628EFD2C39F565002FAF96 /* Gauge View */ = {
			isa = PBXGroup;
			children = (
				E2628EFE2C39F5A2002FAF96 /* GaugeData.swift */,
				E2628F002C39F5F3002FAF96 /* GaugeView.swift */,
				E2628F022C39F632002FAF96 /* GuageBackgroundView.swift */,
				E2628F042C39F666002FAF96 /* GaugeRowView.swift */,
			);
			path = "Gauge View";
			sourceTree = "<group>";
		};
		E2E2FE212C34534B0048DF0B = {
			isa = PBXGroup;
			children = (
				E2E2FE2C2C34534B0048DF0B /* Weather and Climate Control */,
				E2E2FE2B2C34534B0048DF0B /* Products */,
			);
			sourceTree = "<group>";
		};
		E2E2FE2B2C34534B0048DF0B /* Products */ = {
			isa = PBXGroup;
			children = (
				E2E2FE2A2C34534B0048DF0B /* Weather.app */,
				E2E2FE3A2C34534D0048DF0B /* WeatherTests.xctest */,
				E2E2FE442C34534D0048DF0B /* WeatherUITests.xctest */,
			);
			name = Products;
			sourceTree = "<group>";
		};
		E2E2FE2C2C34534B0048DF0B /* Weather and Climate Control */ = {
			isa = PBXGroup;
			children = (
				E2628EFD2C39F565002FAF96 /* Gauge View */,
				E2E499EC2C3621E1000471A3 /* Main Views */,
				E2E499EB2C3621AB000471A3 /* Components */,
				E2E499EA2C36218F000471A3 /* Managers */,
				E2E2FE312C34534C0048DF0B /* Assets.xcassets */,
				E2E2FE332C34534C0048DF0B /* Preview Content */,
			);
			path = "Weather and Climate Control";
			sourceTree = "<group>";
		};
		E2E2FE332C34534C0048DF0B /* Preview Content */ = {
			isa = PBXGroup;
			children = (
				E2E2FE342C34534C0048DF0B /* Preview Assets.xcassets */,
			);
			path = "Preview Content";
			sourceTree = "<group>";
		};
		E2E499EA2C36218F000471A3 /* Managers */ = {
			isa = PBXGroup;
			children = (
				E2B9A0732C34E9B10069E7BE /* WeatherManager.swift */,
				E2B9A06B2C34BE4A0069E7BE /* LocationManager.swift */,
			);
			path = Managers;
			sourceTree = "<group>";
		};
		E2E499EB2C3621AB000471A3 /* Components */ = {
			isa = PBXGroup;
			children = (
				E27B07002C35AB1A007C439E /* HourRowItemView.swift */,
				E27B07042C35C430007C439E /* DayWeatherRowView.swift */,
				E27B07062C35C787007C439E /* CurrentWeatherView.swift */,
				E2F4786D2C3AE7F60054DB1B /* SearchBarView.swift */,
			);
			path = Components;
			sourceTree = "<group>";
		};
		E2E499EC2C3621E1000471A3 /* Main Views */ = {
			isa = PBXGroup;
			children = (
				E2B9A06D2C34CA5D0069E7BE /* ContentView.swift */,
				E2B9A06F2C34CAB80069E7BE /* WelcomeView.swift */,
				E2E2FE2D2C34534B0048DF0B /* WeatherApp.swift */,
				E2E2FE2F2C34534B0048DF0B /* WeatherView.swift */,
			);
			path = "Main Views";
			sourceTree = "<group>";
		};
/* End PBXGroup section */

/* Begin PBXNativeTarget section */
		E2E2FE292C34534B0048DF0B /* Weather */ = {
			isa = PBXNativeTarget;
			buildConfigurationList = E2E2FE4E2C34534D0048DF0B /* Build configuration list for PBXNativeTarget "Weather" */;
			buildPhases = (
				E2E2FE262C34534B0048DF0B /* Sources */,
				E2E2FE272C34534B0048DF0B /* Frameworks */,
				E2E2FE282C34534B0048DF0B /* Resources */,
			);
			buildRules = (
			);
			dependencies = (
			);
			name = Weather;
			packageProductDependencies = (
			);
			productName = "Weather and Climate Control";
			productReference = E2E2FE2A2C34534B0048DF0B /* Weather.app */;
			productType = "com.apple.product-type.application";
		};
		E2E2FE392C34534D0048DF0B /* WeatherTests */ = {
			isa = PBXNativeTarget;
			buildConfigurationList = E2E2FE512C34534D0048DF0B /* Build configuration list for PBXNativeTarget "WeatherTests" */;
			buildPhases = (
				E2E2FE362C34534D0048DF0B /* Sources */,
				E2E2FE372C34534D0048DF0B /* Frameworks */,
				E2E2FE382C34534D0048DF0B /* Resources */,
			);
			buildRules = (
			);
			dependencies = (
				E2E2FE3C2C34534D0048DF0B /* PBXTargetDependency */,
			);
			name = WeatherTests;
			productName = "Weather and Climate ControlTests";
			productReference = E2E2FE3A2C34534D0048DF0B /* WeatherTests.xctest */;
			productType = "com.apple.product-type.bundle.unit-test";
		};
		E2E2FE432C34534D0048DF0B /* WeatherUITests */ = {
			isa = PBXNativeTarget;
			buildConfigurationList = E2E2FE542C34534D0048DF0B /* Build configuration list for PBXNativeTarget "WeatherUITests" */;
			buildPhases = (
				E2E2FE402C34534D0048DF0B /* Sources */,
				E2E2FE412C34534D0048DF0B /* Frameworks */,
				E2E2FE422C34534D0048DF0B /* Resources */,
			);
			buildRules = (
			);
			dependencies = (
				E2E2FE462C34534D0048DF0B /* PBXTargetDependency */,
			);
			name = WeatherUITests;
			productName = "Weather and Climate ControlUITests";
			productReference = E2E2FE442C34534D0048DF0B /* WeatherUITests.xctest */;
			productType = "com.apple.product-type.bundle.ui-testing";
		};
/* End PBXNativeTarget section */

/* Begin PBXProject section */
		E2E2FE222C34534B0048DF0B /* Project object */ = {
			isa = PBXProject;
			attributes = {
				BuildIndependentTargetsInParallel = 1;
				LastSwiftUpdateCheck = 1540;
				LastUpgradeCheck = 1540;
				TargetAttributes = {
					E2E2FE292C34534B0048DF0B = {
						CreatedOnToolsVersion = 15.4;
					};
					E2E2FE392C34534D0048DF0B = {
						CreatedOnToolsVersion = 15.4;
						TestTargetID = E2E2FE292C34534B0048DF0B;
					};
					E2E2FE432C34534D0048DF0B = {
						CreatedOnToolsVersion = 15.4;
						TestTargetID = E2E2FE292C34534B0048DF0B;
					};
				};
			};
			buildConfigurationList = E2E2FE252C34534B0048DF0B /* Build configuration list for PBXProject "Weather" */;
			compatibilityVersion = "Xcode 14.0";
			developmentRegion = en;
			hasScannedForEncodings = 0;
			knownRegions = (
				en,
				Base,
			);
			mainGroup = E2E2FE212C34534B0048DF0B;
			packageReferences = (
				E2B9A0752C34F79D0069E7BE /* XCRemoteSwiftPackageReference "sdk" */,
			);
			productRefGroup = E2E2FE2B2C34534B0048DF0B /* Products */;
			projectDirPath = "";
			projectRoot = "";
			targets = (
				E2E2FE292C34534B0048DF0B /* Weather */,
				E2E2FE392C34534D0048DF0B /* WeatherTests */,
				E2E2FE432C34534D0048DF0B /* WeatherUITests */,
			);
		};
/* End PBXProject section */

/* Begin PBXResourcesBuildPhase section */
		E2E2FE282C34534B0048DF0B /* Resources */ = {
			isa = PBXResourcesBuildPhase;
			buildActionMask = 2147483647;
			files = (
				E2E2FE352C34534C0048DF0B /* Preview Assets.xcassets in Resources */,
				E2E2FE322C34534C0048DF0B /* Assets.xcassets in Resources */,
			);
			runOnlyForDeploymentPostprocessing = 0;
		};
		E2E2FE382C34534D0048DF0B /* Resources */ = {
			isa = PBXResourcesBuildPhase;
			buildActionMask = 2147483647;
			files = (
			);
			runOnlyForDeploymentPostprocessing = 0;
		};
		E2E2FE422C34534D0048DF0B /* Resources */ = {
			isa = PBXResourcesBuildPhase;
			buildActionMask = 2147483647;
			files = (
			);
			runOnlyForDeploymentPostprocessing = 0;
		};
/* End PBXResourcesBuildPhase section */

/* Begin PBXSourcesBuildPhase section */
		E2E2FE262C34534B0048DF0B /* Sources */ = {
			isa = PBXSourcesBuildPhase;
			buildActionMask = 2147483647;
			files = (
				E2B9A06C2C34BE4A0069E7BE /* LocationManager.swift in Sources */,
				E27B07052C35C430007C439E /* DayWeatherRowView.swift in Sources */,
				E2B9A0702C34CAB80069E7BE /* WelcomeView.swift in Sources */,
				E2628EFF2C39F5A2002FAF96 /* GaugeData.swift in Sources */,
				E2628F052C39F666002FAF96 /* GaugeRowView.swift in Sources */,
				E2628F032C39F632002FAF96 /* GuageBackgroundView.swift in Sources */,
				E27B07072C35C787007C439E /* CurrentWeatherView.swift in Sources */,
				E2B9A06E2C34CA5D0069E7BE /* ContentView.swift in Sources */,
				E2B9A0742C34E9B10069E7BE /* WeatherManager.swift in Sources */,
				E2E2FE302C34534B0048DF0B /* WeatherView.swift in Sources */,
				E2F4786E2C3AE7F60054DB1B /* SearchBarView.swift in Sources */,
				E2628F012C39F5F3002FAF96 /* GaugeView.swift in Sources */,
				E2E2FE2E2C34534B0048DF0B /* WeatherApp.swift in Sources */,
				E27B07012C35AB1A007C439E /* HourRowItemView.swift in Sources */,
			);
			runOnlyForDeploymentPostprocessing = 0;
		};
		E2E2FE362C34534D0048DF0B /* Sources */ = {
			isa = PBXSourcesBuildPhase;
			buildActionMask = 2147483647;
			files = (
			);
			runOnlyForDeploymentPostprocessing = 0;
		};
		E2E2FE402C34534D0048DF0B /* Sources */ = {
			isa = PBXSourcesBuildPhase;
			buildActionMask = 2147483647;
			files = (
			);
			runOnlyForDeploymentPostprocessing = 0;
		};
/* End PBXSourcesBuildPhase section */

/* Begin PBXTargetDependency section */
		E2E2FE3C2C34534D0048DF0B /* PBXTargetDependency */ = {
			isa = PBXTargetDependency;
			target = E2E2FE292C34534B0048DF0B /* Weather */;
			targetProxy = E2E2FE3B2C34534D0048DF0B /* PBXContainerItemProxy */;
		};
		E2E2FE462C34534D0048DF0B /* PBXTargetDependency */ = {
			isa = PBXTargetDependency;
			target = E2E2FE292C34534B0048DF0B /* Weather */;
			targetProxy = E2E2FE452C34534D0048DF0B /* PBXContainerItemProxy */;
		};
/* End PBXTargetDependency section */

/* Begin XCBuildConfiguration section */
		E2E2FE4C2C34534D0048DF0B /* Debug */ = {
			isa = XCBuildConfiguration;
			buildSettings = {
				ALWAYS_SEARCH_USER_PATHS = NO;
				ASSETCATALOG_COMPILER_GENERATE_SWIFT_ASSET_SYMBOL_EXTENSIONS = YES;
				CLANG_ANALYZER_NONNULL = YES;
				CLANG_ANALYZER_NUMBER_OBJECT_CONVERSION = YES_AGGRESSIVE;
				CLANG_CXX_LANGUAGE_STANDARD = "gnu++20";
				CLANG_ENABLE_MODULES = YES;
				CLANG_ENABLE_OBJC_ARC = YES;
				CLANG_ENABLE_OBJC_WEAK = YES;
				CLANG_WARN_BLOCK_CAPTURE_AUTORELEASING = YES;
				CLANG_WARN_BOOL_CONVERSION = YES;
				CLANG_WARN_COMMA = YES;
				CLANG_WARN_CONSTANT_CONVERSION = YES;
				CLANG_WARN_DEPRECATED_OBJC_IMPLEMENTATIONS = YES;
				CLANG_WARN_DIRECT_OBJC_ISA_USAGE = YES_ERROR;
				CLANG_WARN_DOCUMENTATION_COMMENTS = YES;
				CLANG_WARN_EMPTY_BODY = YES;
				CLANG_WARN_ENUM_CONVERSION = YES;
				CLANG_WARN_INFINITE_RECURSION = YES;
				CLANG_WARN_INT_CONVERSION = YES;
				CLANG_WARN_NON_LITERAL_NULL_CONVERSION = YES;
				CLANG_WARN_OBJC_IMPLICIT_RETAIN_SELF = YES;
				CLANG_WARN_OBJC_LITERAL_CONVERSION = YES;
				CLANG_WARN_OBJC_ROOT_CLASS = YES_ERROR;
				CLANG_WARN_QUOTED_INCLUDE_IN_FRAMEWORK_HEADER = YES;
				CLANG_WARN_RANGE_LOOP_ANALYSIS = YES;
				CLANG_WARN_STRICT_PROTOTYPES = YES;
				CLANG_WARN_SUSPICIOUS_MOVE = YES;
				CLANG_WARN_UNGUARDED_AVAILABILITY = YES_AGGRESSIVE;
				CLANG_WARN_UNREACHABLE_CODE = YES;
				CLANG_WARN__DUPLICATE_METHOD_MATCH = YES;
				COPY_PHASE_STRIP = NO;
				DEBUG_INFORMATION_FORMAT = dwarf;
				ENABLE_STRICT_OBJC_MSGSEND = YES;
				ENABLE_TESTABILITY = YES;
				ENABLE_USER_SCRIPT_SANDBOXING = YES;
				GCC_C_LANGUAGE_STANDARD = gnu17;
				GCC_DYNAMIC_NO_PIC = NO;
				GCC_NO_COMMON_BLOCKS = YES;
				GCC_OPTIMIZATION_LEVEL = 0;
				GCC_PREPROCESSOR_DEFINITIONS = (
					"DEBUG=1",
					"$(inherited)",
				);
				GCC_WARN_64_TO_32_BIT_CONVERSION = YES;
				GCC_WARN_ABOUT_RETURN_TYPE = YES_ERROR;
				GCC_WARN_UNDECLARED_SELECTOR = YES;
				GCC_WARN_UNINITIALIZED_AUTOS = YES_AGGRESSIVE;
				GCC_WARN_UNUSED_FUNCTION = YES;
				GCC_WARN_UNUSED_VARIABLE = YES;
				IPHONEOS_DEPLOYMENT_TARGET = 17.5;
				LOCALIZATION_PREFERS_STRING_CATALOGS = YES;
				MTL_ENABLE_DEBUG_INFO = INCLUDE_SOURCE;
				MTL_FAST_MATH = YES;
				ONLY_ACTIVE_ARCH = YES;
				SDKROOT = iphoneos;
				SWIFT_ACTIVE_COMPILATION_CONDITIONS = "DEBUG $(inherited)";
				SWIFT_OPTIMIZATION_LEVEL = "-Onone";
			};
			name = Debug;
		};
		E2E2FE4D2C34534D0048DF0B /* Release */ = {
			isa = XCBuildConfiguration;
			buildSettings = {
				ALWAYS_SEARCH_USER_PATHS = NO;
				ASSETCATALOG_COMPILER_GENERATE_SWIFT_ASSET_SYMBOL_EXTENSIONS = YES;
				CLANG_ANALYZER_NONNULL = YES;
				CLANG_ANALYZER_NUMBER_OBJECT_CONVERSION = YES_AGGRESSIVE;
				CLANG_CXX_LANGUAGE_STANDARD = "gnu++20";
				CLANG_ENABLE_MODULES = YES;
				CLANG_ENABLE_OBJC_ARC = YES;
				CLANG_ENABLE_OBJC_WEAK = YES;
				CLANG_WARN_BLOCK_CAPTURE_AUTORELEASING = YES;
				CLANG_WARN_BOOL_CONVERSION = YES;
				CLANG_WARN_COMMA = YES;
				CLANG_WARN_CONSTANT_CONVERSION = YES;
				CLANG_WARN_DEPRECATED_OBJC_IMPLEMENTATIONS = YES;
				CLANG_WARN_DIRECT_OBJC_ISA_USAGE = YES_ERROR;
				CLANG_WARN_DOCUMENTATION_COMMENTS = YES;
				CLANG_WARN_EMPTY_BODY = YES;
				CLANG_WARN_ENUM_CONVERSION = YES;
				CLANG_WARN_INFINITE_RECURSION = YES;
				CLANG_WARN_INT_CONVERSION = YES;
				CLANG_WARN_NON_LITERAL_NULL_CONVERSION = YES;
				CLANG_WARN_OBJC_IMPLICIT_RETAIN_SELF = YES;
				CLANG_WARN_OBJC_LITERAL_CONVERSION = YES;
				CLANG_WARN_OBJC_ROOT_CLASS = YES_ERROR;
				CLANG_WARN_QUOTED_INCLUDE_IN_FRAMEWORK_HEADER = YES;
				CLANG_WARN_RANGE_LOOP_ANALYSIS = YES;
				CLANG_WARN_STRICT_PROTOTYPES = YES;
				CLANG_WARN_SUSPICIOUS_MOVE = YES;
				CLANG_WARN_UNGUARDED_AVAILABILITY = YES_AGGRESSIVE;
				CLANG_WARN_UNREACHABLE_CODE = YES;
				CLANG_WARN__DUPLICATE_METHOD_MATCH = YES;
				COPY_PHASE_STRIP = NO;
				DEBUG_INFORMATION_FORMAT = "dwarf-with-dsym";
				ENABLE_NS_ASSERTIONS = NO;
				ENABLE_STRICT_OBJC_MSGSEND = YES;
				ENABLE_USER_SCRIPT_SANDBOXING = YES;
				GCC_C_LANGUAGE_STANDARD = gnu17;
				GCC_NO_COMMON_BLOCKS = YES;
				GCC_WARN_64_TO_32_BIT_CONVERSION = YES;
				GCC_WARN_ABOUT_RETURN_TYPE = YES_ERROR;
				GCC_WARN_UNDECLARED_SELECTOR = YES;
				GCC_WARN_UNINITIALIZED_AUTOS = YES_AGGRESSIVE;
				GCC_WARN_UNUSED_FUNCTION = YES;
				GCC_WARN_UNUSED_VARIABLE = YES;
				IPHONEOS_DEPLOYMENT_TARGET = 17.5;
				LOCALIZATION_PREFERS_STRING_CATALOGS = YES;
				MTL_ENABLE_DEBUG_INFO = NO;
				MTL_FAST_MATH = YES;
				SDKROOT = iphoneos;
				SWIFT_COMPILATION_MODE = wholemodule;
				VALIDATE_PRODUCT = YES;
			};
			name = Release;
		};
		E2E2FE4F2C34534D0048DF0B /* Debug */ = {
			isa = XCBuildConfiguration;
			buildSettings = {
				ASSETCATALOG_COMPILER_APPICON_NAME = AppIcon;
				ASSETCATALOG_COMPILER_GLOBAL_ACCENT_COLOR_NAME = AccentColor;
				CODE_SIGN_STYLE = Automatic;
				CURRENT_PROJECT_VERSION = 1;
				DEVELOPMENT_ASSET_PATHS = "\"Weather and Climate Control/Preview Content\"";
				DEVELOPMENT_TEAM = 7P8Y78RF8D;
				ENABLE_PREVIEWS = YES;
				GENERATE_INFOPLIST_FILE = YES;
				INFOPLIST_KEY_NSLocationAlwaysUsageDescription = "Need to access location for querying weather API";
				INFOPLIST_KEY_UIApplicationSceneManifest_Generation = YES;
				INFOPLIST_KEY_UIApplicationSupportsIndirectInputEvents = YES;
				INFOPLIST_KEY_UILaunchScreen_Generation = YES;
				INFOPLIST_KEY_UISupportedInterfaceOrientations = UIInterfaceOrientationPortrait;
				INFOPLIST_KEY_UISupportedInterfaceOrientations_iPad = "UIInterfaceOrientationLandscapeLeft UIInterfaceOrientationLandscapeRight UIInterfaceOrientationPortrait UIInterfaceOrientationPortraitUpsideDown";
				IPHONEOS_DEPLOYMENT_TARGET = 17.0;
				LD_RUNPATH_SEARCH_PATHS = (
					"$(inherited)",
					"@executable_path/Frameworks",
				);
				MARKETING_VERSION = 1.0;
				PRODUCT_BUNDLE_IDENTIFIER = "Bob-s-Fun-Room.Weather-and-Climate-Control";
				PRODUCT_NAME = "$(TARGET_NAME)";
				SWIFT_EMIT_LOC_STRINGS = YES;
				SWIFT_VERSION = 5.0;
				TARGETED_DEVICE_FAMILY = "1,2";
			};
			name = Debug;
		};
		E2E2FE502C34534D0048DF0B /* Release */ = {
			isa = XCBuildConfiguration;
			buildSettings = {
				ASSETCATALOG_COMPILER_APPICON_NAME = AppIcon;
				ASSETCATALOG_COMPILER_GLOBAL_ACCENT_COLOR_NAME = AccentColor;
				CODE_SIGN_STYLE = Automatic;
				CURRENT_PROJECT_VERSION = 1;
				DEVELOPMENT_ASSET_PATHS = "\"Weather and Climate Control/Preview Content\"";
				DEVELOPMENT_TEAM = 7P8Y78RF8D;
				ENABLE_PREVIEWS = YES;
				GENERATE_INFOPLIST_FILE = YES;
				INFOPLIST_KEY_NSLocationAlwaysUsageDescription = "Need to access location for querying weather API";
				INFOPLIST_KEY_UIApplicationSceneManifest_Generation = YES;
				INFOPLIST_KEY_UIApplicationSupportsIndirectInputEvents = YES;
				INFOPLIST_KEY_UILaunchScreen_Generation = YES;
				INFOPLIST_KEY_UISupportedInterfaceOrientations = UIInterfaceOrientationPortrait;
				INFOPLIST_KEY_UISupportedInterfaceOrientations_iPad = "UIInterfaceOrientationLandscapeLeft UIInterfaceOrientationLandscapeRight UIInterfaceOrientationPortrait UIInterfaceOrientationPortraitUpsideDown";
				IPHONEOS_DEPLOYMENT_TARGET = 17.0;
				LD_RUNPATH_SEARCH_PATHS = (
					"$(inherited)",
					"@executable_path/Frameworks",
				);
				MARKETING_VERSION = 1.0;
				PRODUCT_BUNDLE_IDENTIFIER = "Bob-s-Fun-Room.Weather-and-Climate-Control";
				PRODUCT_NAME = "$(TARGET_NAME)";
				SWIFT_EMIT_LOC_STRINGS = YES;
				SWIFT_VERSION = 5.0;
				TARGETED_DEVICE_FAMILY = "1,2";
			};
			name = Release;
		};
		E2E2FE522C34534D0048DF0B /* Debug */ = {
			isa = XCBuildConfiguration;
			buildSettings = {
				ALWAYS_EMBED_SWIFT_STANDARD_LIBRARIES = YES;
				BUNDLE_LOADER = "$(TEST_HOST)";
				CODE_SIGN_STYLE = Automatic;
				CURRENT_PROJECT_VERSION = 1;
				DEVELOPMENT_TEAM = 7P8Y78RF8D;
				GENERATE_INFOPLIST_FILE = YES;
				IPHONEOS_DEPLOYMENT_TARGET = 17.5;
				MARKETING_VERSION = 1.0;
				PRODUCT_BUNDLE_IDENTIFIER = "Bob-s-Fun-Room.Weather-and-Climate-ControlTests";
				PRODUCT_NAME = "$(TARGET_NAME)";
				SWIFT_EMIT_LOC_STRINGS = NO;
				SWIFT_VERSION = 5.0;
				TARGETED_DEVICE_FAMILY = "1,2";
				TEST_HOST = "$(BUILT_PRODUCTS_DIR)/Weather.app/$(BUNDLE_EXECUTABLE_FOLDER_PATH)/Weather";
			};
			name = Debug;
		};
		E2E2FE532C34534D0048DF0B /* Release */ = {
			isa = XCBuildConfiguration;
			buildSettings = {
				ALWAYS_EMBED_SWIFT_STANDARD_LIBRARIES = YES;
				BUNDLE_LOADER = "$(TEST_HOST)";
				CODE_SIGN_STYLE = Automatic;
				CURRENT_PROJECT_VERSION = 1;
				DEVELOPMENT_TEAM = 7P8Y78RF8D;
				GENERATE_INFOPLIST_FILE = YES;
				IPHONEOS_DEPLOYMENT_TARGET = 17.5;
				MARKETING_VERSION = 1.0;
				PRODUCT_BUNDLE_IDENTIFIER = "Bob-s-Fun-Room.Weather-and-Climate-ControlTests";
				PRODUCT_NAME = "$(TARGET_NAME)";
				SWIFT_EMIT_LOC_STRINGS = NO;
				SWIFT_VERSION = 5.0;
				TARGETED_DEVICE_FAMILY = "1,2";
				TEST_HOST = "$(BUILT_PRODUCTS_DIR)/Weather.app/$(BUNDLE_EXECUTABLE_FOLDER_PATH)/Weather";
			};
			name = Release;
		};
		E2E2FE552C34534D0048DF0B /* Debug */ = {
			isa = XCBuildConfiguration;
			buildSettings = {
				ALWAYS_EMBED_SWIFT_STANDARD_LIBRARIES = YES;
				CODE_SIGN_STYLE = Automatic;
				CURRENT_PROJECT_VERSION = 1;
				DEVELOPMENT_TEAM = 7P8Y78RF8D;
				GENERATE_INFOPLIST_FILE = YES;
				MARKETING_VERSION = 1.0;
				PRODUCT_BUNDLE_IDENTIFIER = "Bob-s-Fun-Room.Weather-and-Climate-ControlUITests";
				PRODUCT_NAME = "$(TARGET_NAME)";
				SWIFT_EMIT_LOC_STRINGS = NO;
				SWIFT_VERSION = 5.0;
				TARGETED_DEVICE_FAMILY = "1,2";
				TEST_TARGET_NAME = "Weather and Climate Control";
			};
			name = Debug;
		};
		E2E2FE562C34534D0048DF0B /* Release */ = {
			isa = XCBuildConfiguration;
			buildSettings = {
				ALWAYS_EMBED_SWIFT_STANDARD_LIBRARIES = YES;
				CODE_SIGN_STYLE = Automatic;
				CURRENT_PROJECT_VERSION = 1;
				DEVELOPMENT_TEAM = 7P8Y78RF8D;
				GENERATE_INFOPLIST_FILE = YES;
				MARKETING_VERSION = 1.0;
				PRODUCT_BUNDLE_IDENTIFIER = "Bob-s-Fun-Room.Weather-and-Climate-ControlUITests";
				PRODUCT_NAME = "$(TARGET_NAME)";
				SWIFT_EMIT_LOC_STRINGS = NO;
				SWIFT_VERSION = 5.0;
				TARGETED_DEVICE_FAMILY = "1,2";
				TEST_TARGET_NAME = "Weather and Climate Control";
			};
			name = Release;
		};
/* End XCBuildConfiguration section */

/* Begin XCConfigurationList section */
		E2E2FE252C34534B0048DF0B /* Build configuration list for PBXProject "Weather" */ = {
			isa = XCConfigurationList;
			buildConfigurations = (
				E2E2FE4C2C34534D0048DF0B /* Debug */,
				E2E2FE4D2C34534D0048DF0B /* Release */,
			);
			defaultConfigurationIsVisible = 0;
			defaultConfigurationName = Release;
		};
		E2E2FE4E2C34534D0048DF0B /* Build configuration list for PBXNativeTarget "Weather" */ = {
			isa = XCConfigurationList;
			buildConfigurations = (
				E2E2FE4F2C34534D0048DF0B /* Debug */,
				E2E2FE502C34534D0048DF0B /* Release */,
			);
			defaultConfigurationIsVisible = 0;
			defaultConfigurationName = Release;
		};
		E2E2FE512C34534D0048DF0B /* Build configuration list for PBXNativeTarget "WeatherTests" */ = {
			isa = XCConfigurationList;
			buildConfigurations = (
				E2E2FE522C34534D0048DF0B /* Debug */,
				E2E2FE532C34534D0048DF0B /* Release */,
			);
			defaultConfigurationIsVisible = 0;
			defaultConfigurationName = Release;
		};
		E2E2FE542C34534D0048DF0B /* Build configuration list for PBXNativeTarget "WeatherUITests" */ = {
			isa = XCConfigurationList;
			buildConfigurations = (
				E2E2FE552C34534D0048DF0B /* Debug */,
				E2E2FE562C34534D0048DF0B /* Release */,
			);
			defaultConfigurationIsVisible = 0;
			defaultConfigurationName = Release;
		};
/* End XCConfigurationList section */

/* Begin XCRemoteSwiftPackageReference section */
		E2B9A0752C34F79D0069E7BE /* XCRemoteSwiftPackageReference "sdk" */ = {
			isa = XCRemoteSwiftPackageReference;
			repositoryURL = "https://github.com/open-meteo/sdk.git";
			requirement = {
				branch = main;
				kind = branch;
			};
		};
/* End XCRemoteSwiftPackageReference section */
	};
	rootObject = E2E2FE222C34534B0048DF0B /* Project object */;
}
