{
  "originHash" : "66ad70d0f92d670124776086cd23873758152eb74320783392566cffc1999351",
  "pins" : [
    {
      "identity" : "flatbuffers",
      "kind" : "remoteSourceControl",
      "location" : "https://github.com/google/flatbuffers.git",
      "state" : {
        "revision" : "595bf0007ab1929570c7671f091313c8fc20644e",
        "version" : "24.3.25"
      }
    },
    {
      "identity" : "sdk",
      "kind" : "remoteSourceControl",
      "location" : "https://github.com/open-meteo/sdk.git",
      "state" : {
        "branch" : "main",
        "revision" : "fa5429dae4898a9369de3637fe5171c8404cc9db"
      }
    }
  ],
  "version" : 3
}
